PODS:
  - KingBase/MHTopWindow (0.0.4)
  - MHIssuePopMenuView (0.0.3):
    - pop
  - pop (1.0.9)

DEPENDENCIES:
  - KingBase/MHTopWindow
  - MHIssuePopMenuView (from `../`)

EXTERNAL SOURCES:
  MHIssuePopMenuView:
    :path: ../

SPEC CHECKSUMS:
  KingBase: 798276a502bcc0678757d87559203dc8443b2bdd
  MHIssuePopMenuView: 6c1d8e728175a0d863f8dd600674e875fe876b7c
  pop: f667631a5108a2e60d9e8797c9b32ddaf2080bce

PODFILE CHECKSUM: 5ec6067242170f8cee7239d0548848c96490e5e1

COCOAPODS: 1.1.1
