PODS:
  - KingBase/MHTopWindow (0.0.4)
  - MHIssuePopMenuView (0.0.1):
    - pop
  - pop (1.0.9)

DEPENDENCIES:
  - KingBase/MHTopWindow
  - MHIssuePopMenuView

SPEC CHECKSUMS:
  KingBase: 798276a502bcc0678757d87559203dc8443b2bdd
  MHIssuePopMenuView: 49583923cc498bf6ca54c0a9eaf6c136e428227b
  pop: f667631a5108a2e60d9e8797c9b32ddaf2080bce

PODFILE CHECKSUM: 64f7a9be712ac76f59286867b257377097f20ed1

COCOAPODS: 1.1.1
